
Microsoft Visual Studio Solution File, Format Version 12.00
# Visual Studio 15
VisualStudioVersion = 15.0.28307.902
MinimumVisualStudioVersion = 10.0.40219.1
Project("{FAE04EC0-301F-11D3-BF4B-00C04F79EFBC}") = "Movielibrary", "Movielibrary\Movielibrary.csproj", "{20C13D4F-B16C-423F-B3C0-74DC0836A772}"
EndProject
Global
	GlobalSection(SolutionConfigurationPlatforms) = preSolution
		Debug|Any CPU = Debug|Any CPU
		Release|Any CPU = Release|Any CPU
	EndGlobalSection
	GlobalSection(ProjectConfigurationPlatforms) = postSolution
		{20C13D4F-B16C-423F-B3C0-74DC0836A772}.Debug|Any CPU.ActiveCfg = Debug|Any CPU
		{20C13D4F-B16C-423F-B3C0-74DC0836A772}.Debug|Any CPU.Build.0 = Debug|Any CPU
		{20C13D4F-B16C-423F-B3C0-74DC0836A772}.Release|Any CPU.ActiveCfg = Release|Any CPU
		{20C13D4F-B16C-423F-B3C0-74DC0836A772}.Release|Any CPU.Build.0 = Release|Any CPU
	EndGlobalSection
	GlobalSection(SolutionProperties) = preSolution
		HideSolutionNode = FALSE
	EndGlobalSection
	GlobalSection(ExtensibilityGlobals) = postSolution
		SolutionGuid = {2684C194-907B-45DF-8383-F0DB8E7DB8BC}
	EndGlobalSection
EndGlobal
